
Microsoft Visual Studio Solution File, Format Version 12.00
Project("{FAE04EC0-301F-11D3-BF4B-00C04F79EFBC}") = "Predict_BTC", "Predict_BTC.csproj", "{9CA9F54B-6F8B-461A-BE78-77EC552E2CF3}"
EndProject
Global
	GlobalSection(SolutionConfigurationPlatforms) = preSolution
		Debug|Any CPU = Debug|Any CPU
		Release|Any CPU = Release|Any CPU
	EndGlobalSection
	GlobalSection(ProjectConfigurationPlatforms) = postSolution
		{9CA9F54B-6F8B-461A-BE78-77EC552E2CF3}.Debug|Any CPU.ActiveCfg = Debug|Any CPU
		{9CA9F54B-6F8B-461A-BE78-77EC552E2CF3}.Debug|Any CPU.Build.0 = Debug|Any CPU
		{9CA9F54B-6F8B-461A-BE78-77EC552E2CF3}.Release|Any CPU.ActiveCfg = Release|Any CPU
		{9CA9F54B-6F8B-461A-BE78-77EC552E2CF3}.Release|Any CPU.Build.0 = Release|Any CPU
	EndGlobalSection
EndGlobal
